
Microsoft Visual Studio Solution File, Format Version 12.00
# Visual Studio Version 17
VisualStudioVersion = 17.0.31903.59
MinimumVisualStudioVersion = 10.0.40219.1
Project("{2150E333-8FDC-42A3-9474-1A3956D46DE8}") = "src", "src", "{827E0CD3-B72D-47B6-A68D-7590B98EB39B}"
EndProject
Project("{FAE04EC0-301F-11D3-BF4B-00C04F79EFBC}") = "FaultDesk.Domain", "src\FaultDesk.Domain\FaultDesk.Domain.csproj", "{86FA002B-6798-4A04-A3A4-69FB910D24EE}"
EndProject
Project("{FAE04EC0-301F-11D3-BF4B-00C04F79EFBC}") = "FaultDesk.Application", "src\FaultDesk.Application\FaultDesk.Application.csproj", "{5206F3D6-F800-472C-B78F-C4A7383EE249}"
EndProject
Project("{FAE04EC0-301F-11D3-BF4B-00C04F79EFBC}") = "FaultDesk.Infrastructure", "src\FaultDesk.Infrastructure\FaultDesk.Infrastructure.csproj", "{C3615085-01E4-47A0-B096-C1A6E799346A}"
EndProject
Project("{FAE04EC0-301F-11D3-BF4B-00C04F79EFBC}") = "FaultDesk.Web", "src\FaultDesk.Web\FaultDesk.Web.csproj", "{150DFEA6-5F6C-4FFF-8DFA-6AC2DDEC239C}"
EndProject
Project("{2150E333-8FDC-42A3-9474-1A3956D46DE8}") = "tests", "tests", "{0AB3BF05-4346-4AA6-1389-037BE0695223}"
EndProject
Project("{FAE04EC0-301F-11D3-BF4B-00C04F79EFBC}") = "FaultDesk.Domain.Tests", "tests\FaultDesk.Domain.Tests\FaultDesk.Domain.Tests.csproj", "{062AD5B7-D737-4FB2-891A-DE33A7770C09}"
EndProject
Project("{FAE04EC0-301F-11D3-BF4B-00C04F79EFBC}") = "FaultDesk.Application.Tests", "tests\FaultDesk.Application.Tests\FaultDesk.Application.Tests.csproj", "{1B16C724-4EBD-48FB-A717-65B8F817D5EB}"
EndProject
Global
	GlobalSection(SolutionConfigurationPlatforms) = preSolution
		Debug|Any CPU = Debug|Any CPU
		Debug|x64 = Debug|x64
		Debug|x86 = Debug|x86
		Release|Any CPU = Release|Any CPU
		Release|x64 = Release|x64
		Release|x86 = Release|x86
	EndGlobalSection
	GlobalSection(ProjectConfigurationPlatforms) = postSolution
		{86FA002B-6798-4A04-A3A4-69FB910D24EE}.Debug|Any CPU.ActiveCfg = Debug|Any CPU
		{86FA002B-6798-4A04-A3A4-69FB910D24EE}.Debug|Any CPU.Build.0 = Debug|Any CPU
		{86FA002B-6798-4A04-A3A4-69FB910D24EE}.Debug|x64.ActiveCfg = Debug|Any CPU
		{86FA002B-6798-4A04-A3A4-69FB910D24EE}.Debug|x64.Build.0 = Debug|Any CPU
		{86FA002B-6798-4A04-A3A4-69FB910D24EE}.Debug|x86.ActiveCfg = Debug|Any CPU
		{86FA002B-6798-4A04-A3A4-69FB910D24EE}.Debug|x86.Build.0 = Debug|Any CPU
		{86FA002B-6798-4A04-A3A4-69FB910D24EE}.Release|Any CPU.ActiveCfg = Release|Any CPU
		{86FA002B-6798-4A04-A3A4-69FB910D24EE}.Release|Any CPU.Build.0 = Release|Any CPU
		{86FA002B-6798-4A04-A3A4-69FB910D24EE}.Release|x64.ActiveCfg = Release|Any CPU
		{86FA002B-6798-4A04-A3A4-69FB910D24EE}.Release|x64.Build.0 = Release|Any CPU
		{86FA002B-6798-4A04-A3A4-69FB910D24EE}.Release|x86.ActiveCfg = Release|Any CPU
		{86FA002B-6798-4A04-A3A4-69FB910D24EE}.Release|x86.Build.0 = Release|Any CPU
		{5206F3D6-F800-472C-B78F-C4A7383EE249}.Debug|Any CPU.ActiveCfg = Debug|Any CPU
		{5206F3D6-F800-472C-B78F-C4A7383EE249}.Debug|Any CPU.Build.0 = Debug|Any CPU
		{5206F3D6-F800-472C-B78F-C4A7383EE249}.Debug|x64.ActiveCfg = Debug|Any CPU
		{5206F3D6-F800-472C-B78F-C4A7383EE249}.Debug|x64.Build.0 = Debug|Any CPU
		{5206F3D6-F800-472C-B78F-C4A7383EE249}.Debug|x86.ActiveCfg = Debug|Any CPU
		{5206F3D6-F800-472C-B78F-C4A7383EE249}.Debug|x86.Build.0 = Debug|Any CPU
		{5206F3D6-F800-472C-B78F-C4A7383EE249}.Release|Any CPU.ActiveCfg = Release|Any CPU
		{5206F3D6-F800-472C-B78F-C4A7383EE249}.Release|Any CPU.Build.0 = Release|Any CPU
		{5206F3D6-F800-472C-B78F-C4A7383EE249}.Release|x64.ActiveCfg = Release|Any CPU
		{5206F3D6-F800-472C-B78F-C4A7383EE249}.Release|x64.Build.0 = Release|Any CPU
		{5206F3D6-F800-472C-B78F-C4A7383EE249}.Release|x86.ActiveCfg = Release|Any CPU
		{5206F3D6-F800-472C-B78F-C4A7383EE249}.Release|x86.Build.0 = Release|Any CPU
		{C3615085-01E4-47A0-B096-C1A6E799346A}.Debug|Any CPU.ActiveCfg = Debug|Any CPU
		{C3615085-01E4-47A0-B096-C1A6E799346A}.Debug|Any CPU.Build.0 = Debug|Any CPU
		{C3615085-01E4-47A0-B096-C1A6E799346A}.Debug|x64.ActiveCfg = Debug|Any CPU
		{C3615085-01E4-47A0-B096-C1A6E799346A}.Debug|x64.Build.0 = Debug|Any CPU
		{C3615085-01E4-47A0-B096-C1A6E799346A}.Debug|x86.ActiveCfg = Debug|Any CPU
		{C3615085-01E4-47A0-B096-C1A6E799346A}.Debug|x86.Build.0 = Debug|Any CPU
		{C3615085-01E4-47A0-B096-C1A6E799346A}.Release|Any CPU.ActiveCfg = Release|Any CPU
		{C3615085-01E4-47A0-B096-C1A6E799346A}.Release|Any CPU.Build.0 = Release|Any CPU
		{C3615085-01E4-47A0-B096-C1A6E799346A}.Release|x64.ActiveCfg = Release|Any CPU
		{C3615085-01E4-47A0-B096-C1A6E799346A}.Release|x64.Build.0 = Release|Any CPU
		{C3615085-01E4-47A0-B096-C1A6E799346A}.Release|x86.ActiveCfg = Release|Any CPU
		{C3615085-01E4-47A0-B096-C1A6E799346A}.Release|x86.Build.0 = Release|Any CPU
		{150DFEA6-5F6C-4FFF-8DFA-6AC2DDEC239C}.Debug|Any CPU.ActiveCfg = Debug|Any CPU
		{150DFEA6-5F6C-4FFF-8DFA-6AC2DDEC239C}.Debug|Any CPU.Build.0 = Debug|Any CPU
		{150DFEA6-5F6C-4FFF-8DFA-6AC2DDEC239C}.Debug|x64.ActiveCfg = Debug|Any CPU
		{150DFEA6-5F6C-4FFF-8DFA-6AC2DDEC239C}.Debug|x64.Build.0 = Debug|Any CPU
		{150DFEA6-5F6C-4FFF-8DFA-6AC2DDEC239C}.Debug|x86.ActiveCfg = Debug|Any CPU
		{150DFEA6-5F6C-4FFF-8DFA-6AC2DDEC239C}.Debug|x86.Build.0 = Debug|Any CPU
		{150DFEA6-5F6C-4FFF-8DFA-6AC2DDEC239C}.Release|Any CPU.ActiveCfg = Release|Any CPU
		{150DFEA6-5F6C-4FFF-8DFA-6AC2DDEC239C}.Release|Any CPU.Build.0 = Release|Any CPU
		{150DFEA6-5F6C-4FFF-8DFA-6AC2DDEC239C}.Release|x64.ActiveCfg = Release|Any CPU
		{150DFEA6-5F6C-4FFF-8DFA-6AC2DDEC239C}.Release|x64.Build.0 = Release|Any CPU
		{150DFEA6-5F6C-4FFF-8DFA-6AC2DDEC239C}.Release|x86.ActiveCfg = Release|Any CPU
		{150DFEA6-5F6C-4FFF-8DFA-6AC2DDEC239C}.Release|x86.Build.0 = Release|Any CPU
		{062AD5B7-D737-4FB2-891A-DE33A7770C09}.Debug|Any CPU.ActiveCfg = Debug|Any CPU
		{062AD5B7-D737-4FB2-891A-DE33A7770C09}.Debug|Any CPU.Build.0 = Debug|Any CPU
		{062AD5B7-D737-4FB2-891A-DE33A7770C09}.Debug|x64.ActiveCfg = Debug|Any CPU
		{062AD5B7-D737-4FB2-891A-DE33A7770C09}.Debug|x64.Build.0 = Debug|Any CPU
		{062AD5B7-D737-4FB2-891A-DE33A7770C09}.Debug|x86.ActiveCfg = Debug|Any CPU
		{062AD5B7-D737-4FB2-891A-DE33A7770C09}.Debug|x86.Build.0 = Debug|Any CPU
		{062AD5B7-D737-4FB2-891A-DE33A7770C09}.Release|Any CPU.ActiveCfg = Release|Any CPU
		{062AD5B7-D737-4FB2-891A-DE33A7770C09}.Release|Any CPU.Build.0 = Release|Any CPU
		{062AD5B7-D737-4FB2-891A-DE33A7770C09}.Release|x64.ActiveCfg = Release|Any CPU
		{062AD5B7-D737-4FB2-891A-DE33A7770C09}.Release|x64.Build.0 = Release|Any CPU
		{062AD5B7-D737-4FB2-891A-DE33A7770C09}.Release|x86.ActiveCfg = Release|Any CPU
		{062AD5B7-D737-4FB2-891A-DE33A7770C09}.Release|x86.Build.0 = Release|Any CPU
		{1B16C724-4EBD-48FB-A717-65B8F817D5EB}.Debug|Any CPU.ActiveCfg = Debug|Any CPU
		{1B16C724-4EBD-48FB-A717-65B8F817D5EB}.Debug|Any CPU.Build.0 = Debug|Any CPU
		{1B16C724-4EBD-48FB-A717-65B8F817D5EB}.Debug|x64.ActiveCfg = Debug|Any CPU
		{1B16C724-4EBD-48FB-A717-65B8F817D5EB}.Debug|x64.Build.0 = Debug|Any CPU
		{1B16C724-4EBD-48FB-A717-65B8F817D5EB}.Debug|x86.ActiveCfg = Debug|Any CPU
		{1B16C724-4EBD-48FB-A717-65B8F817D5EB}.Debug|x86.Build.0 = Debug|Any CPU
		{1B16C724-4EBD-48FB-A717-65B8F817D5EB}.Release|Any CPU.ActiveCfg = Release|Any CPU
		{1B16C724-4EBD-48FB-A717-65B8F817D5EB}.Release|Any CPU.Build.0 = Release|Any CPU
		{1B16C724-4EBD-48FB-A717-65B8F817D5EB}.Release|x64.ActiveCfg = Release|Any CPU
		{1B16C724-4EBD-48FB-A717-65B8F817D5EB}.Release|x64.Build.0 = Release|Any CPU
		{1B16C724-4EBD-48FB-A717-65B8F817D5EB}.Release|x86.ActiveCfg = Release|Any CPU
		{1B16C724-4EBD-48FB-A717-65B8F817D5EB}.Release|x86.Build.0 = Release|Any CPU
	EndGlobalSection
	GlobalSection(SolutionProperties) = preSolution
		HideSolutionNode = FALSE
	EndGlobalSection
	GlobalSection(NestedProjects) = preSolution
		{86FA002B-6798-4A04-A3A4-69FB910D24EE} = {827E0CD3-B72D-47B6-A68D-7590B98EB39B}
		{5206F3D6-F800-472C-B78F-C4A7383EE249} = {827E0CD3-B72D-47B6-A68D-7590B98EB39B}
		{C3615085-01E4-47A0-B096-C1A6E799346A} = {827E0CD3-B72D-47B6-A68D-7590B98EB39B}
		{150DFEA6-5F6C-4FFF-8DFA-6AC2DDEC239C} = {827E0CD3-B72D-47B6-A68D-7590B98EB39B}
		{062AD5B7-D737-4FB2-891A-DE33A7770C09} = {0AB3BF05-4346-4AA6-1389-037BE0695223}
		{1B16C724-4EBD-48FB-A717-65B8F817D5EB} = {0AB3BF05-4346-4AA6-1389-037BE0695223}
	EndGlobalSection
EndGlobal
